
Microsoft Visual Studio Solution File, Format Version 12.00
# Visual Studio Version 16
VisualStudioVersion = 16.0.29806.167
MinimumVisualStudioVersion = 10.0.40219.1
Project("{9A19103F-16F7-4668-BE54-9A1E7A4F7556}") = "TodoAndWorkLog", "TodoAndWorkLog\TodoAndWorkLog.csproj", "{904D954E-D13A-4E96-8968-F18A2992D252}"
EndProject
Global
	GlobalSection(SolutionConfigurationPlatforms) = preSolution
		Debug|Any CPU = Debug|Any CPU
		Release|Any CPU = Release|Any CPU
	EndGlobalSection
	GlobalSection(ProjectConfigurationPlatforms) = postSolution
		{904D954E-D13A-4E96-8968-F18A2992D252}.Debug|Any CPU.ActiveCfg = Debug|Any CPU
		{904D954E-D13A-4E96-8968-F18A2992D252}.Debug|Any CPU.Build.0 = Debug|Any CPU
		{904D954E-D13A-4E96-8968-F18A2992D252}.Release|Any CPU.ActiveCfg = Release|Any CPU
		{904D954E-D13A-4E96-8968-F18A2992D252}.Release|Any CPU.Build.0 = Release|Any CPU
	EndGlobalSection
	GlobalSection(SolutionProperties) = preSolution
		HideSolutionNode = FALSE
	EndGlobalSection
	GlobalSection(ExtensibilityGlobals) = postSolution
		SolutionGuid = {69AF84FA-35EE-4E85-9867-14C9529E50D1}
	EndGlobalSection
EndGlobal
